
Microsoft Visual Studio Solution File, Format Version 12.00
# Visual Studio Version 16
VisualStudioVersion = 16.0.29806.167
MinimumVisualStudioVersion = 15.0.26124.0
Project("{2150E333-8FDC-42A3-9474-1A3956D46DE8}") = "src", "src", "{919FF7FC-70D5-4A6D-92C4-0DF12185FD40}"
EndProject
Project("{9A19103F-16F7-4668-BE54-9A1E7A4F7556}") = "Domain", "src\Domain\Domain.csproj", "{FF33B4F8-E068-4005-9B11-DD16BE1EDE6C}"
EndProject
Project("{9A19103F-16F7-4668-BE54-9A1E7A4F7556}") = "Application", "src\Application\Application.csproj", "{8624767F-12B4-46C0-BD27-02ECDFFDACBD}"
EndProject
Project("{9A19103F-16F7-4668-BE54-9A1E7A4F7556}") = "Infrastructure", "src\Infrastructure\Infrastructure.csproj", "{46787386-6C34-4C06-9DDD-7A0B87DB1728}"
EndProject
Project("{9A19103F-16F7-4668-BE54-9A1E7A4F7556}") = "Web", "src\Web\Web.csproj", "{04B211D8-E7F2-45C9-BEAB-E3165D58AAA4}"
EndProject
Project("{9A19103F-16F7-4668-BE54-9A1E7A4F7556}") = "InternalApi", "src\InternalApi\InternalApi.csproj", "{57AFEC38-0C9F-45A9-95DF-14B88B87A0FB}"
EndProject
Project("{9A19103F-16F7-4668-BE54-9A1E7A4F7556}") = "Domain.Api", "src\Domain.Api\Domain.Api.csproj", "{CF837B30-28D2-4FB1-9123-ED490EDCC053}"
EndProject
Project("{FAE04EC0-301F-11D3-BF4B-00C04F79EFBC}") = "Controller", "src\Controller\Controller.csproj", "{9689F9C5-7207-4B82-A7BB-D4B9D43F21D1}"
EndProject
Global
	GlobalSection(SolutionConfigurationPlatforms) = preSolution
		Debug|Any CPU = Debug|Any CPU
		Debug|x64 = Debug|x64
		Debug|x86 = Debug|x86
		Release|Any CPU = Release|Any CPU
		Release|x64 = Release|x64
		Release|x86 = Release|x86
	EndGlobalSection
	GlobalSection(ProjectConfigurationPlatforms) = postSolution
		{FF33B4F8-E068-4005-9B11-DD16BE1EDE6C}.Debug|Any CPU.ActiveCfg = Debug|Any CPU
		{FF33B4F8-E068-4005-9B11-DD16BE1EDE6C}.Debug|Any CPU.Build.0 = Debug|Any CPU
		{FF33B4F8-E068-4005-9B11-DD16BE1EDE6C}.Debug|x64.ActiveCfg = Debug|Any CPU
		{FF33B4F8-E068-4005-9B11-DD16BE1EDE6C}.Debug|x64.Build.0 = Debug|Any CPU
		{FF33B4F8-E068-4005-9B11-DD16BE1EDE6C}.Debug|x86.ActiveCfg = Debug|Any CPU
		{FF33B4F8-E068-4005-9B11-DD16BE1EDE6C}.Debug|x86.Build.0 = Debug|Any CPU
		{FF33B4F8-E068-4005-9B11-DD16BE1EDE6C}.Release|Any CPU.ActiveCfg = Release|Any CPU
		{FF33B4F8-E068-4005-9B11-DD16BE1EDE6C}.Release|Any CPU.Build.0 = Release|Any CPU
		{FF33B4F8-E068-4005-9B11-DD16BE1EDE6C}.Release|x64.ActiveCfg = Release|Any CPU
		{FF33B4F8-E068-4005-9B11-DD16BE1EDE6C}.Release|x64.Build.0 = Release|Any CPU
		{FF33B4F8-E068-4005-9B11-DD16BE1EDE6C}.Release|x86.ActiveCfg = Release|Any CPU
		{FF33B4F8-E068-4005-9B11-DD16BE1EDE6C}.Release|x86.Build.0 = Release|Any CPU
		{8624767F-12B4-46C0-BD27-02ECDFFDACBD}.Debug|Any CPU.ActiveCfg = Debug|Any CPU
		{8624767F-12B4-46C0-BD27-02ECDFFDACBD}.Debug|Any CPU.Build.0 = Debug|Any CPU
		{8624767F-12B4-46C0-BD27-02ECDFFDACBD}.Debug|x64.ActiveCfg = Debug|Any CPU
		{8624767F-12B4-46C0-BD27-02ECDFFDACBD}.Debug|x64.Build.0 = Debug|Any CPU
		{8624767F-12B4-46C0-BD27-02ECDFFDACBD}.Debug|x86.ActiveCfg = Debug|Any CPU
		{8624767F-12B4-46C0-BD27-02ECDFFDACBD}.Debug|x86.Build.0 = Debug|Any CPU
		{8624767F-12B4-46C0-BD27-02ECDFFDACBD}.Release|Any CPU.ActiveCfg = Release|Any CPU
		{8624767F-12B4-46C0-BD27-02ECDFFDACBD}.Release|Any CPU.Build.0 = Release|Any CPU
		{8624767F-12B4-46C0-BD27-02ECDFFDACBD}.Release|x64.ActiveCfg = Release|Any CPU
		{8624767F-12B4-46C0-BD27-02ECDFFDACBD}.Release|x64.Build.0 = Release|Any CPU
		{8624767F-12B4-46C0-BD27-02ECDFFDACBD}.Release|x86.ActiveCfg = Release|Any CPU
		{8624767F-12B4-46C0-BD27-02ECDFFDACBD}.Release|x86.Build.0 = Release|Any CPU
		{46787386-6C34-4C06-9DDD-7A0B87DB1728}.Debug|Any CPU.ActiveCfg = Debug|Any CPU
		{46787386-6C34-4C06-9DDD-7A0B87DB1728}.Debug|Any CPU.Build.0 = Debug|Any CPU
		{46787386-6C34-4C06-9DDD-7A0B87DB1728}.Debug|x64.ActiveCfg = Debug|Any CPU
		{46787386-6C34-4C06-9DDD-7A0B87DB1728}.Debug|x64.Build.0 = Debug|Any CPU
		{46787386-6C34-4C06-9DDD-7A0B87DB1728}.Debug|x86.ActiveCfg = Debug|Any CPU
		{46787386-6C34-4C06-9DDD-7A0B87DB1728}.Debug|x86.Build.0 = Debug|Any CPU
		{46787386-6C34-4C06-9DDD-7A0B87DB1728}.Release|Any CPU.ActiveCfg = Release|Any CPU
		{46787386-6C34-4C06-9DDD-7A0B87DB1728}.Release|Any CPU.Build.0 = Release|Any CPU
		{46787386-6C34-4C06-9DDD-7A0B87DB1728}.Release|x64.ActiveCfg = Release|Any CPU
		{46787386-6C34-4C06-9DDD-7A0B87DB1728}.Release|x64.Build.0 = Release|Any CPU
		{46787386-6C34-4C06-9DDD-7A0B87DB1728}.Release|x86.ActiveCfg = Release|Any CPU
		{46787386-6C34-4C06-9DDD-7A0B87DB1728}.Release|x86.Build.0 = Release|Any CPU
		{04B211D8-E7F2-45C9-BEAB-E3165D58AAA4}.Debug|Any CPU.ActiveCfg = Debug|Any CPU
		{04B211D8-E7F2-45C9-BEAB-E3165D58AAA4}.Debug|Any CPU.Build.0 = Debug|Any CPU
		{04B211D8-E7F2-45C9-BEAB-E3165D58AAA4}.Debug|x64.ActiveCfg = Debug|Any CPU
		{04B211D8-E7F2-45C9-BEAB-E3165D58AAA4}.Debug|x64.Build.0 = Debug|Any CPU
		{04B211D8-E7F2-45C9-BEAB-E3165D58AAA4}.Debug|x86.ActiveCfg = Debug|Any CPU
		{04B211D8-E7F2-45C9-BEAB-E3165D58AAA4}.Debug|x86.Build.0 = Debug|Any CPU
		{04B211D8-E7F2-45C9-BEAB-E3165D58AAA4}.Release|Any CPU.ActiveCfg = Release|Any CPU
		{04B211D8-E7F2-45C9-BEAB-E3165D58AAA4}.Release|Any CPU.Build.0 = Release|Any CPU
		{04B211D8-E7F2-45C9-BEAB-E3165D58AAA4}.Release|x64.ActiveCfg = Release|Any CPU
		{04B211D8-E7F2-45C9-BEAB-E3165D58AAA4}.Release|x64.Build.0 = Release|Any CPU
		{04B211D8-E7F2-45C9-BEAB-E3165D58AAA4}.Release|x86.ActiveCfg = Release|Any CPU
		{04B211D8-E7F2-45C9-BEAB-E3165D58AAA4}.Release|x86.Build.0 = Release|Any CPU
		{57AFEC38-0C9F-45A9-95DF-14B88B87A0FB}.Debug|Any CPU.ActiveCfg = Debug|Any CPU
		{57AFEC38-0C9F-45A9-95DF-14B88B87A0FB}.Debug|Any CPU.Build.0 = Debug|Any CPU
		{57AFEC38-0C9F-45A9-95DF-14B88B87A0FB}.Debug|x64.ActiveCfg = Debug|Any CPU
		{57AFEC38-0C9F-45A9-95DF-14B88B87A0FB}.Debug|x64.Build.0 = Debug|Any CPU
		{57AFEC38-0C9F-45A9-95DF-14B88B87A0FB}.Debug|x86.ActiveCfg = Debug|Any CPU
		{57AFEC38-0C9F-45A9-95DF-14B88B87A0FB}.Debug|x86.Build.0 = Debug|Any CPU
		{57AFEC38-0C9F-45A9-95DF-14B88B87A0FB}.Release|Any CPU.ActiveCfg = Release|Any CPU
		{57AFEC38-0C9F-45A9-95DF-14B88B87A0FB}.Release|Any CPU.Build.0 = Release|Any CPU
		{57AFEC38-0C9F-45A9-95DF-14B88B87A0FB}.Release|x64.ActiveCfg = Release|Any CPU
		{57AFEC38-0C9F-45A9-95DF-14B88B87A0FB}.Release|x64.Build.0 = Release|Any CPU
		{57AFEC38-0C9F-45A9-95DF-14B88B87A0FB}.Release|x86.ActiveCfg = Release|Any CPU
		{57AFEC38-0C9F-45A9-95DF-14B88B87A0FB}.Release|x86.Build.0 = Release|Any CPU
		{CF837B30-28D2-4FB1-9123-ED490EDCC053}.Debug|Any CPU.ActiveCfg = Debug|Any CPU
		{CF837B30-28D2-4FB1-9123-ED490EDCC053}.Debug|Any CPU.Build.0 = Debug|Any CPU
		{CF837B30-28D2-4FB1-9123-ED490EDCC053}.Debug|x64.ActiveCfg = Debug|Any CPU
		{CF837B30-28D2-4FB1-9123-ED490EDCC053}.Debug|x64.Build.0 = Debug|Any CPU
		{CF837B30-28D2-4FB1-9123-ED490EDCC053}.Debug|x86.ActiveCfg = Debug|Any CPU
		{CF837B30-28D2-4FB1-9123-ED490EDCC053}.Debug|x86.Build.0 = Debug|Any CPU
		{CF837B30-28D2-4FB1-9123-ED490EDCC053}.Release|Any CPU.ActiveCfg = Release|Any CPU
		{CF837B30-28D2-4FB1-9123-ED490EDCC053}.Release|Any CPU.Build.0 = Release|Any CPU
		{CF837B30-28D2-4FB1-9123-ED490EDCC053}.Release|x64.ActiveCfg = Release|Any CPU
		{CF837B30-28D2-4FB1-9123-ED490EDCC053}.Release|x64.Build.0 = Release|Any CPU
		{CF837B30-28D2-4FB1-9123-ED490EDCC053}.Release|x86.ActiveCfg = Release|Any CPU
		{CF837B30-28D2-4FB1-9123-ED490EDCC053}.Release|x86.Build.0 = Release|Any CPU
		{9689F9C5-7207-4B82-A7BB-D4B9D43F21D1}.Debug|Any CPU.ActiveCfg = Debug|Any CPU
		{9689F9C5-7207-4B82-A7BB-D4B9D43F21D1}.Debug|Any CPU.Build.0 = Debug|Any CPU
		{9689F9C5-7207-4B82-A7BB-D4B9D43F21D1}.Debug|x64.ActiveCfg = Debug|Any CPU
		{9689F9C5-7207-4B82-A7BB-D4B9D43F21D1}.Debug|x64.Build.0 = Debug|Any CPU
		{9689F9C5-7207-4B82-A7BB-D4B9D43F21D1}.Debug|x86.ActiveCfg = Debug|Any CPU
		{9689F9C5-7207-4B82-A7BB-D4B9D43F21D1}.Debug|x86.Build.0 = Debug|Any CPU
		{9689F9C5-7207-4B82-A7BB-D4B9D43F21D1}.Release|Any CPU.ActiveCfg = Release|Any CPU
		{9689F9C5-7207-4B82-A7BB-D4B9D43F21D1}.Release|Any CPU.Build.0 = Release|Any CPU
		{9689F9C5-7207-4B82-A7BB-D4B9D43F21D1}.Release|x64.ActiveCfg = Release|Any CPU
		{9689F9C5-7207-4B82-A7BB-D4B9D43F21D1}.Release|x64.Build.0 = Release|Any CPU
		{9689F9C5-7207-4B82-A7BB-D4B9D43F21D1}.Release|x86.ActiveCfg = Release|Any CPU
		{9689F9C5-7207-4B82-A7BB-D4B9D43F21D1}.Release|x86.Build.0 = Release|Any CPU
	EndGlobalSection
	GlobalSection(SolutionProperties) = preSolution
		HideSolutionNode = FALSE
	EndGlobalSection
	GlobalSection(NestedProjects) = preSolution
		{FF33B4F8-E068-4005-9B11-DD16BE1EDE6C} = {919FF7FC-70D5-4A6D-92C4-0DF12185FD40}
		{8624767F-12B4-46C0-BD27-02ECDFFDACBD} = {919FF7FC-70D5-4A6D-92C4-0DF12185FD40}
		{46787386-6C34-4C06-9DDD-7A0B87DB1728} = {919FF7FC-70D5-4A6D-92C4-0DF12185FD40}
		{04B211D8-E7F2-45C9-BEAB-E3165D58AAA4} = {919FF7FC-70D5-4A6D-92C4-0DF12185FD40}
		{57AFEC38-0C9F-45A9-95DF-14B88B87A0FB} = {919FF7FC-70D5-4A6D-92C4-0DF12185FD40}
		{CF837B30-28D2-4FB1-9123-ED490EDCC053} = {919FF7FC-70D5-4A6D-92C4-0DF12185FD40}
		{9689F9C5-7207-4B82-A7BB-D4B9D43F21D1} = {919FF7FC-70D5-4A6D-92C4-0DF12185FD40}
	EndGlobalSection
	GlobalSection(ExtensibilityGlobals) = postSolution
		SolutionGuid = {4B4CC0A9-46AE-4661-ABB5-B0C92E472A22}
	EndGlobalSection
EndGlobal
